// !$*UTF8*$!
{
	archiveVersion = 1;
	classes = {
	};
	objectVersion = 50;
	objects = {

/* Begin PBXBuildFile section */
		C25782E3209353B9001B807D /* AppDelegate.swift in Sources */ = {isa = PBXBuildFile; fileRef = C25782E2209353B9001B807D /* AppDelegate.swift */; };
		C25782E5209353B9001B807D /* ViewController.swift in Sources */ = {isa = PBXBuildFile; fileRef = C25782E4209353B9001B807D /* ViewController.swift */; };
		C25782E8209353B9001B807D /* Main.storyboard in Resources */ = {isa = PBXBuildFile; fileRef = C25782E6209353B9001B807D /* Main.storyboard */; };
		C25782EA209353BA001B807D /* Assets.xcassets in Resources */ = {isa = PBXBuildFile; fileRef = C25782E9209353BA001B807D /* Assets.xcassets */; };
		C25782ED209353BA001B807D /* LaunchScreen.storyboard in Resources */ = {isa = PBXBuildFile; fileRef = C25782EB209353BA001B807D /* LaunchScreen.storyboard */; };
		C25782F8209353BA001B807D /* LatinizerTests.swift in Sources */ = {isa = PBXBuildFile; fileRef = C25782F7209353BA001B807D /* LatinizerTests.swift */; };
		C2578303209353BA001B807D /* LatinizerUITests.swift in Sources */ = {isa = PBXBuildFile; fileRef = C2578302209353BA001B807D /* LatinizerUITests.swift */; };
		C2F9C19420935B0400675905 /* Contacts.framework in Frameworks */ = {isa = PBXBuildFile; fileRef = C2F9C19320935B0400675905 /* Contacts.framework */; };
		C2F9C1962094575300675905 /* Protocols.swift in Sources */ = {isa = PBXBuildFile; fileRef = C2F9C1952094575300675905 /* Protocols.swift */; };
		C2F9C19C2094911400675905 /* Latinizer.swift in Sources */ = {isa = PBXBuildFile; fileRef = C2F9C19B2094911400675905 /* Latinizer.swift */; };
/* End PBXBuildFile section */

/* Begin PBXContainerItemProxy section */
		C25782F4209353BA001B807D /* PBXContainerItemProxy */ = {
			isa = PBXContainerItemProxy;
			containerPortal = C25782D7209353B9001B807D /* Project object */;
			proxyType = 1;
			remoteGlobalIDString = C25782DE209353B9001B807D;
			remoteInfo = Latinizer;
		};
		C25782FF209353BA001B807D /* PBXContainerItemProxy */ = {
			isa = PBXContainerItemProxy;
			containerPortal = C25782D7209353B9001B807D /* Project object */;
			proxyType = 1;
			remoteGlobalIDString = C25782DE209353B9001B807D;
			remoteInfo = Latinizer;
		};
/* End PBXContainerItemProxy section */

/* Begin PBXFileReference section */
		C25782DF209353B9001B807D /* Latinizer.app */ = {isa = PBXFileReference; explicitFileType = wrapper.application; includeInIndex = 0; path = Latinizer.app; sourceTree = BUILT_PRODUCTS_DIR; };
		C25782E2209353B9001B807D /* AppDelegate.swift */ = {isa = PBXFileReference; lastKnownFileType = sourcecode.swift; path = AppDelegate.swift; sourceTree = "<group>"; };
		C25782E4209353B9001B807D /* ViewController.swift */ = {isa = PBXFileReference; lastKnownFileType = sourcecode.swift; path = ViewController.swift; sourceTree = "<group>"; };
		C25782E7209353B9001B807D /* Base */ = {isa = PBXFileReference; lastKnownFileType = file.storyboard; name = Base; path = Base.lproj/Main.storyboard; sourceTree = "<group>"; };
		C25782E9209353BA001B807D /* Assets.xcassets */ = {isa = PBXFileReference; lastKnownFileType = folder.assetcatalog; path = Assets.xcassets; sourceTree = "<group>"; };
		C25782EC209353BA001B807D /* Base */ = {isa = PBXFileReference; lastKnownFileType = file.storyboard; name = Base; path = Base.lproj/LaunchScreen.storyboard; sourceTree = "<group>"; };
		C25782EE209353BA001B807D /* Info.plist */ = {isa = PBXFileReference; lastKnownFileType = text.plist.xml; path = Info.plist; sourceTree = "<group>"; };
		C25782F3209353BA001B807D /* LatinizerTests.xctest */ = {isa = PBXFileReference; explicitFileType = wrapper.cfbundle; includeInIndex = 0; path = LatinizerTests.xctest; sourceTree = BUILT_PRODUCTS_DIR; };
		C25782F7209353BA001B807D /* LatinizerTests.swift */ = {isa = PBXFileReference; lastKnownFileType = sourcecode.swift; path = LatinizerTests.swift; sourceTree = "<group>"; };
		C25782F9209353BA001B807D /* Info.plist */ = {isa = PBXFileReference; lastKnownFileType = text.plist.xml; path = Info.plist; sourceTree = "<group>"; };
		C25782FE209353BA001B807D /* LatinizerUITests.xctest */ = {isa = PBXFileReference; explicitFileType = wrapper.cfbundle; includeInIndex = 0; path = LatinizerUITests.xctest; sourceTree = BUILT_PRODUCTS_DIR; };
		C2578302209353BA001B807D /* LatinizerUITests.swift */ = {isa = PBXFileReference; lastKnownFileType = sourcecode.swift; path = LatinizerUITests.swift; sourceTree = "<group>"; };
		C2578304209353BA001B807D /* Info.plist */ = {isa = PBXFileReference; lastKnownFileType = text.plist.xml; path = Info.plist; sourceTree = "<group>"; };
		C2F9C19320935B0400675905 /* Contacts.framework */ = {isa = PBXFileReference; lastKnownFileType = wrapper.framework; name = Contacts.framework; path = System/Library/Frameworks/Contacts.framework; sourceTree = SDKROOT; };
		C2F9C1952094575300675905 /* Protocols.swift */ = {isa = PBXFileReference; lastKnownFileType = sourcecode.swift; path = Protocols.swift; sourceTree = "<group>"; };
		C2F9C19B2094911400675905 /* Latinizer.swift */ = {isa = PBXFileReference; fileEncoding = 4; lastKnownFileType = sourcecode.swift; path = Latinizer.swift; sourceTree = "<group>"; };
/* End PBXFileReference section */

/* Begin PBXFrameworksBuildPhase section */
		C25782DC209353B9001B807D /* Frameworks */ = {
			isa = PBXFrameworksBuildPhase;
			buildActionMask = 2147483647;
			files = (
				C2F9C19420935B0400675905 /* Contacts.framework in Frameworks */,
			);
			runOnlyForDeploymentPostprocessing = 0;
		};
		C25782F0209353BA001B807D /* Frameworks */ = {
			isa = PBXFrameworksBuildPhase;
			buildActionMask = 2147483647;
			files = (
			);
			runOnlyForDeploymentPostprocessing = 0;
		};
		C25782FB209353BA001B807D /* Frameworks */ = {
			isa = PBXFrameworksBuildPhase;
			buildActionMask = 2147483647;
			files = (
			);
			runOnlyForDeploymentPostprocessing = 0;
		};
/* End PBXFrameworksBuildPhase section */

/* Begin PBXGroup section */
		C25782D6209353B9001B807D = {
			isa = PBXGroup;
			children = (
				C25782E1209353B9001B807D /* Latinizer */,
				C25782F6209353BA001B807D /* LatinizerTests */,
				C2578301209353BA001B807D /* LatinizerUITests */,
				C25782E0209353B9001B807D /* Products */,
				C2F9C19220935B0400675905 /* Frameworks */,
			);
			sourceTree = "<group>";
		};
		C25782E0209353B9001B807D /* Products */ = {
			isa = PBXGroup;
			children = (
				C25782DF209353B9001B807D /* Latinizer.app */,
				C25782F3209353BA001B807D /* LatinizerTests.xctest */,
				C25782FE209353BA001B807D /* LatinizerUITests.xctest */,
			);
			name = Products;
			sourceTree = "<group>";
		};
		C25782E1209353B9001B807D /* Latinizer */ = {
			isa = PBXGroup;
			children = (
				C25782E2209353B9001B807D /* AppDelegate.swift */,
				C25782E9209353BA001B807D /* Assets.xcassets */,
				C25782EE209353BA001B807D /* Info.plist */,
				C2F9C19B2094911400675905 /* Latinizer.swift */,
				C25782EB209353BA001B807D /* LaunchScreen.storyboard */,
				C25782E6209353B9001B807D /* Main.storyboard */,
				C2F9C1952094575300675905 /* Protocols.swift */,
				C25782E4209353B9001B807D /* ViewController.swift */,
			);
			path = Latinizer;
			sourceTree = "<group>";
		};
		C25782F6209353BA001B807D /* LatinizerTests */ = {
			isa = PBXGroup;
			children = (
				C25782F7209353BA001B807D /* LatinizerTests.swift */,
				C25782F9209353BA001B807D /* Info.plist */,
			);
			path = LatinizerTests;
			sourceTree = "<group>";
		};
		C2578301209353BA001B807D /* LatinizerUITests */ = {
			isa = PBXGroup;
			children = (
				C2578302209353BA001B807D /* LatinizerUITests.swift */,
				C2578304209353BA001B807D /* Info.plist */,
			);
			path = LatinizerUITests;
			sourceTree = "<group>";
		};
		C2F9C19220935B0400675905 /* Frameworks */ = {
			isa = PBXGroup;
			children = (
				C2F9C19320935B0400675905 /* Contacts.framework */,
			);
			name = Frameworks;
			sourceTree = "<group>";
		};
/* End PBXGroup section */

/* Begin PBXNativeTarget section */
		C25782DE209353B9001B807D /* Latinizer */ = {
			isa = PBXNativeTarget;
			buildConfigurationList = C2578307209353BA001B807D /* Build configuration list for PBXNativeTarget "Latinizer" */;
			buildPhases = (
				C25782DB209353B9001B807D /* Sources */,
				C25782DC209353B9001B807D /* Frameworks */,
				C25782DD209353B9001B807D /* Resources */,
			);
			buildRules = (
			);
			dependencies = (
			);
			name = Latinizer;
			productName = Latinizer;
			productReference = C25782DF209353B9001B807D /* Latinizer.app */;
			productType = "com.apple.product-type.application";
		};
		C25782F2209353BA001B807D /* LatinizerTests */ = {
			isa = PBXNativeTarget;
			buildConfigurationList = C257830A209353BA001B807D /* Build configuration list for PBXNativeTarget "LatinizerTests" */;
			buildPhases = (
				C25782EF209353BA001B807D /* Sources */,
				C25782F0209353BA001B807D /* Frameworks */,
				C25782F1209353BA001B807D /* Resources */,
			);
			buildRules = (
			);
			dependencies = (
				C25782F5209353BA001B807D /* PBXTargetDependency */,
			);
			name = LatinizerTests;
			productName = LatinizerTests;
			productReference = C25782F3209353BA001B807D /* LatinizerTests.xctest */;
			productType = "com.apple.product-type.bundle.unit-test";
		};
		C25782FD209353BA001B807D /* LatinizerUITests */ = {
			isa = PBXNativeTarget;
			buildConfigurationList = C257830D209353BA001B807D /* Build configuration list for PBXNativeTarget "LatinizerUITests" */;
			buildPhases = (
				C25782FA209353BA001B807D /* Sources */,
				C25782FB209353BA001B807D /* Frameworks */,
				C25782FC209353BA001B807D /* Resources */,
			);
			buildRules = (
			);
			dependencies = (
				C2578300209353BA001B807D /* PBXTargetDependency */,
			);
			name = LatinizerUITests;
			productName = LatinizerUITests;
			productReference = C25782FE209353BA001B807D /* LatinizerUITests.xctest */;
			productType = "com.apple.product-type.bundle.ui-testing";
		};
/* End PBXNativeTarget section */

/* Begin PBXProject section */
		C25782D7209353B9001B807D /* Project object */ = {
			isa = PBXProject;
			attributes = {
				LastSwiftUpdateCheck = 0930;
				LastUpgradeCheck = 0930;
				ORGANIZATIONNAME = "Aliaksandr Kanaukou";
				TargetAttributes = {
					C25782DE209353B9001B807D = {
						CreatedOnToolsVersion = 9.3;
					};
					C25782F2209353BA001B807D = {
						CreatedOnToolsVersion = 9.3;
						TestTargetID = C25782DE209353B9001B807D;
					};
					C25782FD209353BA001B807D = {
						CreatedOnToolsVersion = 9.3;
						TestTargetID = C25782DE209353B9001B807D;
					};
				};
			};
			buildConfigurationList = C25782DA209353B9001B807D /* Build configuration list for PBXProject "Latinizer" */;
			compatibilityVersion = "Xcode 9.3";
			developmentRegion = en;
			hasScannedForEncodings = 0;
			knownRegions = (
				en,
				Base,
			);
			mainGroup = C25782D6209353B9001B807D;
			productRefGroup = C25782E0209353B9001B807D /* Products */;
			projectDirPath = "";
			projectRoot = "";
			targets = (
				C25782DE209353B9001B807D /* Latinizer */,
				C25782F2209353BA001B807D /* LatinizerTests */,
				C25782FD209353BA001B807D /* LatinizerUITests */,
			);
		};
/* End PBXProject section */

/* Begin PBXResourcesBuildPhase section */
		C25782DD209353B9001B807D /* Resources */ = {
			isa = PBXResourcesBuildPhase;
			buildActionMask = 2147483647;
			files = (
				C25782ED209353BA001B807D /* LaunchScreen.storyboard in Resources */,
				C25782EA209353BA001B807D /* Assets.xcassets in Resources */,
				C25782E8209353B9001B807D /* Main.storyboard in Resources */,
			);
			runOnlyForDeploymentPostprocessing = 0;
		};
		C25782F1209353BA001B807D /* Resources */ = {
			isa = PBXResourcesBuildPhase;
			buildActionMask = 2147483647;
			files = (
			);
			runOnlyForDeploymentPostprocessing = 0;
		};
		C25782FC209353BA001B807D /* Resources */ = {
			isa = PBXResourcesBuildPhase;
			buildActionMask = 2147483647;
			files = (
			);
			runOnlyForDeploymentPostprocessing = 0;
		};
/* End PBXResourcesBuildPhase section */

/* Begin PBXSourcesBuildPhase section */
		C25782DB209353B9001B807D /* Sources */ = {
			isa = PBXSourcesBuildPhase;
			buildActionMask = 2147483647;
			files = (
				C2F9C19C2094911400675905 /* Latinizer.swift in Sources */,
				C2F9C1962094575300675905 /* Protocols.swift in Sources */,
				C25782E5209353B9001B807D /* ViewController.swift in Sources */,
				C25782E3209353B9001B807D /* AppDelegate.swift in Sources */,
			);
			runOnlyForDeploymentPostprocessing = 0;
		};
		C25782EF209353BA001B807D /* Sources */ = {
			isa = PBXSourcesBuildPhase;
			buildActionMask = 2147483647;
			files = (
				C25782F8209353BA001B807D /* LatinizerTests.swift in Sources */,
			);
			runOnlyForDeploymentPostprocessing = 0;
		};
		C25782FA209353BA001B807D /* Sources */ = {
			isa = PBXSourcesBuildPhase;
			buildActionMask = 2147483647;
			files = (
				C2578303209353BA001B807D /* LatinizerUITests.swift in Sources */,
			);
			runOnlyForDeploymentPostprocessing = 0;
		};
/* End PBXSourcesBuildPhase section */

/* Begin PBXTargetDependency section */
		C25782F5209353BA001B807D /* PBXTargetDependency */ = {
			isa = PBXTargetDependency;
			target = C25782DE209353B9001B807D /* Latinizer */;
			targetProxy = C25782F4209353BA001B807D /* PBXContainerItemProxy */;
		};
		C2578300209353BA001B807D /* PBXTargetDependency */ = {
			isa = PBXTargetDependency;
			target = C25782DE209353B9001B807D /* Latinizer */;
			targetProxy = C25782FF209353BA001B807D /* PBXContainerItemProxy */;
		};
/* End PBXTargetDependency section */

/* Begin PBXVariantGroup section */
		C25782E6209353B9001B807D /* Main.storyboard */ = {
			isa = PBXVariantGroup;
			children = (
				C25782E7209353B9001B807D /* Base */,
			);
			name = Main.storyboard;
			sourceTree = "<group>";
		};
		C25782EB209353BA001B807D /* LaunchScreen.storyboard */ = {
			isa = PBXVariantGroup;
			children = (
				C25782EC209353BA001B807D /* Base */,
			);
			name = LaunchScreen.storyboard;
			sourceTree = "<group>";
		};
/* End PBXVariantGroup section */

/* Begin XCBuildConfiguration section */
		C2578305209353BA001B807D /* Debug */ = {
			isa = XCBuildConfiguration;
			buildSettings = {
				ALWAYS_SEARCH_USER_PATHS = NO;
				CLANG_ANALYZER_NONNULL = YES;
				CLANG_ANALYZER_NUMBER_OBJECT_CONVERSION = YES_AGGRESSIVE;
				CLANG_CXX_LANGUAGE_STANDARD = "gnu++14";
				CLANG_CXX_LIBRARY = "libc++";
				CLANG_ENABLE_MODULES = YES;
				CLANG_ENABLE_OBJC_ARC = YES;
				CLANG_ENABLE_OBJC_WEAK = YES;
				CLANG_WARN_BLOCK_CAPTURE_AUTORELEASING = YES;
				CLANG_WARN_BOOL_CONVERSION = YES;
				CLANG_WARN_COMMA = YES;
				CLANG_WARN_CONSTANT_CONVERSION = YES;
				CLANG_WARN_DEPRECATED_OBJC_IMPLEMENTATIONS = YES;
				CLANG_WARN_DIRECT_OBJC_ISA_USAGE = YES_ERROR;
				CLANG_WARN_DOCUMENTATION_COMMENTS = YES;
				CLANG_WARN_EMPTY_BODY = YES;
				CLANG_WARN_ENUM_CONVERSION = YES;
				CLANG_WARN_INFINITE_RECURSION = YES;
				CLANG_WARN_INT_CONVERSION = YES;
				CLANG_WARN_NON_LITERAL_NULL_CONVERSION = YES;
				CLANG_WARN_OBJC_IMPLICIT_RETAIN_SELF = YES;
				CLANG_WARN_OBJC_LITERAL_CONVERSION = YES;
				CLANG_WARN_OBJC_ROOT_CLASS = YES_ERROR;
				CLANG_WARN_RANGE_LOOP_ANALYSIS = YES;
				CLANG_WARN_STRICT_PROTOTYPES = YES;
				CLANG_WARN_SUSPICIOUS_MOVE = YES;
				CLANG_WARN_UNGUARDED_AVAILABILITY = YES_AGGRESSIVE;
				CLANG_WARN_UNREACHABLE_CODE = YES;
				CLANG_WARN__DUPLICATE_METHOD_MATCH = YES;
				CODE_SIGN_IDENTITY = "iPhone Developer";
				COPY_PHASE_STRIP = NO;
				DEBUG_INFORMATION_FORMAT = dwarf;
				ENABLE_STRICT_OBJC_MSGSEND = YES;
				ENABLE_TESTABILITY = YES;
				GCC_C_LANGUAGE_STANDARD = gnu11;
				GCC_DYNAMIC_NO_PIC = NO;
				GCC_NO_COMMON_BLOCKS = YES;
				GCC_OPTIMIZATION_LEVEL = 0;
				GCC_PREPROCESSOR_DEFINITIONS = (
					"DEBUG=1",
					"$(inherited)",
				);
				GCC_WARN_64_TO_32_BIT_CONVERSION = YES;
				GCC_WARN_ABOUT_RETURN_TYPE = YES_ERROR;
				GCC_WARN_UNDECLARED_SELECTOR = YES;
				GCC_WARN_UNINITIALIZED_AUTOS = YES_AGGRESSIVE;
				GCC_WARN_UNUSED_FUNCTION = YES;
				GCC_WARN_UNUSED_VARIABLE = YES;
				IPHONEOS_DEPLOYMENT_TARGET = 11.3;
				MTL_ENABLE_DEBUG_INFO = YES;
				ONLY_ACTIVE_ARCH = YES;
				SDKROOT = iphoneos;
				SWIFT_ACTIVE_COMPILATION_CONDITIONS = DEBUG;
				SWIFT_OPTIMIZATION_LEVEL = "-Onone";
			};
			name = Debug;
		};
		C2578306209353BA001B807D /* Release */ = {
			isa = XCBuildConfiguration;
			buildSettings = {
				ALWAYS_SEARCH_USER_PATHS = NO;
				CLANG_ANALYZER_NONNULL = YES;
				CLANG_ANALYZER_NUMBER_OBJECT_CONVERSION = YES_AGGRESSIVE;
				CLANG_CXX_LANGUAGE_STANDARD = "gnu++14";
				CLANG_CXX_LIBRARY = "libc++";
				CLANG_ENABLE_MODULES = YES;
				CLANG_ENABLE_OBJC_ARC = YES;
				CLANG_ENABLE_OBJC_WEAK = YES;
				CLANG_WARN_BLOCK_CAPTURE_AUTORELEASING = YES;
				CLANG_WARN_BOOL_CONVERSION = YES;
				CLANG_WARN_COMMA = YES;
				CLANG_WARN_CONSTANT_CONVERSION = YES;
				CLANG_WARN_DEPRECATED_OBJC_IMPLEMENTATIONS = YES;
				CLANG_WARN_DIRECT_OBJC_ISA_USAGE = YES_ERROR;
				CLANG_WARN_DOCUMENTATION_COMMENTS = YES;
				CLANG_WARN_EMPTY_BODY = YES;
				CLANG_WARN_ENUM_CONVERSION = YES;
				CLANG_WARN_INFINITE_RECURSION = YES;
				CLANG_WARN_INT_CONVERSION = YES;
				CLANG_WARN_NON_LITERAL_NULL_CONVERSION = YES;
				CLANG_WARN_OBJC_IMPLICIT_RETAIN_SELF = YES;
				CLANG_WARN_OBJC_LITERAL_CONVERSION = YES;
				CLANG_WARN_OBJC_ROOT_CLASS = YES_ERROR;
				CLANG_WARN_RANGE_LOOP_ANALYSIS = YES;
				CLANG_WARN_STRICT_PROTOTYPES = YES;
				CLANG_WARN_SUSPICIOUS_MOVE = YES;
				CLANG_WARN_UNGUARDED_AVAILABILITY = YES_AGGRESSIVE;
				CLANG_WARN_UNREACHABLE_CODE = YES;
				CLANG_WARN__DUPLICATE_METHOD_MATCH = YES;
				CODE_SIGN_IDENTITY = "iPhone Developer";
				COPY_PHASE_STRIP = NO;
				DEBUG_INFORMATION_FORMAT = "dwarf-with-dsym";
				ENABLE_NS_ASSERTIONS = NO;
				ENABLE_STRICT_OBJC_MSGSEND = YES;
				GCC_C_LANGUAGE_STANDARD = gnu11;
				GCC_NO_COMMON_BLOCKS = YES;
				GCC_WARN_64_TO_32_BIT_CONVERSION = YES;
				GCC_WARN_ABOUT_RETURN_TYPE = YES_ERROR;
				GCC_WARN_UNDECLARED_SELECTOR = YES;
				GCC_WARN_UNINITIALIZED_AUTOS = YES_AGGRESSIVE;
				GCC_WARN_UNUSED_FUNCTION = YES;
				GCC_WARN_UNUSED_VARIABLE = YES;
				IPHONEOS_DEPLOYMENT_TARGET = 11.3;
				MTL_ENABLE_DEBUG_INFO = NO;
				SDKROOT = iphoneos;
				SWIFT_COMPILATION_MODE = wholemodule;
				SWIFT_OPTIMIZATION_LEVEL = "-O";
				VALIDATE_PRODUCT = YES;
			};
			name = Release;
		};
		C2578308209353BA001B807D /* Debug */ = {
			isa = XCBuildConfiguration;
			buildSettings = {
				ASSETCATALOG_COMPILER_APPICON_NAME = AppIcon;
				CODE_SIGN_STYLE = Automatic;
				DEVELOPMENT_TEAM = 9Z6UAVQ7P2;
				INFOPLIST_FILE = Latinizer/Info.plist;
				IPHONEOS_DEPLOYMENT_TARGET = 9.0;
				LD_RUNPATH_SEARCH_PATHS = (
					"$(inherited)",
					"@executable_path/Frameworks",
				);
				PRODUCT_BUNDLE_IDENTIFIER = com.knuku.Latinizer;
				PRODUCT_NAME = "$(TARGET_NAME)";
				SWIFT_VERSION = 4.0;
				TARGETED_DEVICE_FAMILY = "1,2";
			};
			name = Debug;
		};
		C2578309209353BA001B807D /* Release */ = {
			isa = XCBuildConfiguration;
			buildSettings = {
				ASSETCATALOG_COMPILER_APPICON_NAME = AppIcon;
				CODE_SIGN_STYLE = Automatic;
				DEVELOPMENT_TEAM = 9Z6UAVQ7P2;
				INFOPLIST_FILE = Latinizer/Info.plist;
				IPHONEOS_DEPLOYMENT_TARGET = 9.0;
				LD_RUNPATH_SEARCH_PATHS = (
					"$(inherited)",
					"@executable_path/Frameworks",
				);
				PRODUCT_BUNDLE_IDENTIFIER = com.knuku.Latinizer;
				PRODUCT_NAME = "$(TARGET_NAME)";
				SWIFT_VERSION = 4.0;
				TARGETED_DEVICE_FAMILY = "1,2";
			};
			name = Release;
		};
		C257830B209353BA001B807D /* Debug */ = {
			isa = XCBuildConfiguration;
			buildSettings = {
				ALWAYS_EMBED_SWIFT_STANDARD_LIBRARIES = YES;
				BUNDLE_LOADER = "$(TEST_HOST)";
				CODE_SIGN_STYLE = Automatic;
				DEVELOPMENT_TEAM = 9Z6UAVQ7P2;
				INFOPLIST_FILE = LatinizerTests/Info.plist;
				LD_RUNPATH_SEARCH_PATHS = (
					"$(inherited)",
					"@executable_path/Frameworks",
					"@loader_path/Frameworks",
				);
				PRODUCT_BUNDLE_IDENTIFIER = com.knuku.LatinizerTests;
				PRODUCT_NAME = "$(TARGET_NAME)";
				SWIFT_VERSION = 4.0;
				TARGETED_DEVICE_FAMILY = "1,2";
				TEST_HOST = "$(BUILT_PRODUCTS_DIR)/Latinizer.app/Latinizer";
			};
			name = Debug;
		};
		C257830C209353BA001B807D /* Release */ = {
			isa = XCBuildConfiguration;
			buildSettings = {
				ALWAYS_EMBED_SWIFT_STANDARD_LIBRARIES = YES;
				BUNDLE_LOADER = "$(TEST_HOST)";
				CODE_SIGN_STYLE = Automatic;
				DEVELOPMENT_TEAM = 9Z6UAVQ7P2;
				INFOPLIST_FILE = LatinizerTests/Info.plist;
				LD_RUNPATH_SEARCH_PATHS = (
					"$(inherited)",
					"@executable_path/Frameworks",
					"@loader_path/Frameworks",
				);
				PRODUCT_BUNDLE_IDENTIFIER = com.knuku.LatinizerTests;
				PRODUCT_NAME = "$(TARGET_NAME)";
				SWIFT_VERSION = 4.0;
				TARGETED_DEVICE_FAMILY = "1,2";
				TEST_HOST = "$(BUILT_PRODUCTS_DIR)/Latinizer.app/Latinizer";
			};
			name = Release;
		};
		C257830E209353BA001B807D /* Debug */ = {
			isa = XCBuildConfiguration;
			buildSettings = {
				ALWAYS_EMBED_SWIFT_STANDARD_LIBRARIES = YES;
				CODE_SIGN_STYLE = Automatic;
				DEVELOPMENT_TEAM = 9Z6UAVQ7P2;
				INFOPLIST_FILE = LatinizerUITests/Info.plist;
				LD_RUNPATH_SEARCH_PATHS = (
					"$(inherited)",
					"@executable_path/Frameworks",
					"@loader_path/Frameworks",
				);
				PRODUCT_BUNDLE_IDENTIFIER = com.knuku.LatinizerUITests;
				PRODUCT_NAME = "$(TARGET_NAME)";
				SWIFT_VERSION = 4.0;
				TARGETED_DEVICE_FAMILY = "1,2";
				TEST_TARGET_NAME = Latinizer;
			};
			name = Debug;
		};
		C257830F209353BA001B807D /* Release */ = {
			isa = XCBuildConfiguration;
			buildSettings = {
				ALWAYS_EMBED_SWIFT_STANDARD_LIBRARIES = YES;
				CODE_SIGN_STYLE = Automatic;
				DEVELOPMENT_TEAM = 9Z6UAVQ7P2;
				INFOPLIST_FILE = LatinizerUITests/Info.plist;
				LD_RUNPATH_SEARCH_PATHS = (
					"$(inherited)",
					"@executable_path/Frameworks",
					"@loader_path/Frameworks",
				);
				PRODUCT_BUNDLE_IDENTIFIER = com.knuku.LatinizerUITests;
				PRODUCT_NAME = "$(TARGET_NAME)";
				SWIFT_VERSION = 4.0;
				TARGETED_DEVICE_FAMILY = "1,2";
				TEST_TARGET_NAME = Latinizer;
			};
			name = Release;
		};
/* End XCBuildConfiguration section */

/* Begin XCConfigurationList section */
		C25782DA209353B9001B807D /* Build configuration list for PBXProject "Latinizer" */ = {
			isa = XCConfigurationList;
			buildConfigurations = (
				C2578305209353BA001B807D /* Debug */,
				C2578306209353BA001B807D /* Release */,
			);
			defaultConfigurationIsVisible = 0;
			defaultConfigurationName = Release;
		};
		C2578307209353BA001B807D /* Build configuration list for PBXNativeTarget "Latinizer" */ = {
			isa = XCConfigurationList;
			buildConfigurations = (
				C2578308209353BA001B807D /* Debug */,
				C2578309209353BA001B807D /* Release */,
			);
			defaultConfigurationIsVisible = 0;
			defaultConfigurationName = Release;
		};
		C257830A209353BA001B807D /* Build configuration list for PBXNativeTarget "LatinizerTests" */ = {
			isa = XCConfigurationList;
			buildConfigurations = (
				C257830B209353BA001B807D /* Debug */,
				C257830C209353BA001B807D /* Release */,
			);
			defaultConfigurationIsVisible = 0;
			defaultConfigurationName = Release;
		};
		C257830D209353BA001B807D /* Build configuration list for PBXNativeTarget "LatinizerUITests" */ = {
			isa = XCConfigurationList;
			buildConfigurations = (
				C257830E209353BA001B807D /* Debug */,
				C257830F209353BA001B807D /* Release */,
			);
			defaultConfigurationIsVisible = 0;
			defaultConfigurationName = Release;
		};
/* End XCConfigurationList section */
	};
	rootObject = C25782D7209353B9001B807D /* Project object */;
}
